
Microsoft Visual Studio Solution File, Format Version 12.00
# Visual Studio Version 17
VisualStudioVersion = 17.5.33530.505
MinimumVisualStudioVersion = 10.0.40219.1
Project("{8BC9CEB8-8B4A-11D0-8D11-00A0C91BC942}") = "assignment3", "assignment3.vcxproj", "{FA1F6C34-5AF5-4993-B58E-8B80E4D733F6}"
EndProject
Global
	GlobalSection(SolutionConfigurationPlatforms) = preSolution
		Debug|x64 = Debug|x64
		Debug|x86 = Debug|x86
		Release|x64 = Release|x64
		Release|x86 = Release|x86
	EndGlobalSection
	GlobalSection(ProjectConfigurationPlatforms) = postSolution
		{FA1F6C34-5AF5-4993-B58E-8B80E4D733F6}.Debug|x64.ActiveCfg = Debug|x64
		{FA1F6C34-5AF5-4993-B58E-8B80E4D733F6}.Debug|x64.Build.0 = Debug|x64
		{FA1F6C34-5AF5-4993-B58E-8B80E4D733F6}.Debug|x86.ActiveCfg = Debug|Win32
		{FA1F6C34-5AF5-4993-B58E-8B80E4D733F6}.Debug|x86.Build.0 = Debug|Win32
		{FA1F6C34-5AF5-4993-B58E-8B80E4D733F6}.Release|x64.ActiveCfg = Release|x64
		{FA1F6C34-5AF5-4993-B58E-8B80E4D733F6}.Release|x64.Build.0 = Release|x64
		{FA1F6C34-5AF5-4993-B58E-8B80E4D733F6}.Release|x86.ActiveCfg = Release|Win32
		{FA1F6C34-5AF5-4993-B58E-8B80E4D733F6}.Release|x86.Build.0 = Release|Win32
	EndGlobalSection
	GlobalSection(SolutionProperties) = preSolution
		HideSolutionNode = FALSE
	EndGlobalSection
	GlobalSection(ExtensibilityGlobals) = postSolution
		SolutionGuid = {EE91AD52-4B4F-438A-B15D-A05D2352C971}
	EndGlobalSection
EndGlobal
